// !$*UTF8*$!
{
	archiveVersion = 1;
	classes = {
	};
	objectVersion = 48;
	objects = {

/* Begin PBXBuildFile section */
		D25E12901FB21C8C0079F48B /* AppDelegate.swift in Sources */ = {isa = PBXBuildFile; fileRef = D25E128F1FB21C8C0079F48B /* AppDelegate.swift */; };
		D25E12951FB21C8C0079F48B /* Main.storyboard in Resources */ = {isa = PBXBuildFile; fileRef = D25E12931FB21C8C0079F48B /* Main.storyboard */; };
		D25E12981FB21C8C0079F48B /* TalentIT.xcdatamodeld in Sources */ = {isa = PBXBuildFile; fileRef = D25E12961FB21C8C0079F48B /* TalentIT.xcdatamodeld */; };
		D25E129A1FB21C8C0079F48B /* Assets.xcassets in Resources */ = {isa = PBXBuildFile; fileRef = D25E12991FB21C8C0079F48B /* Assets.xcassets */; };
		D25E129D1FB21C8C0079F48B /* LaunchScreen.storyboard in Resources */ = {isa = PBXBuildFile; fileRef = D25E129B1FB21C8C0079F48B /* LaunchScreen.storyboard */; };
		D25E12AE1FB231530079F48B /* CellViewController.swift in Sources */ = {isa = PBXBuildFile; fileRef = D25E12AD1FB231530079F48B /* CellViewController.swift */; };
		D25E12B01FB231580079F48B /* Cell.xib in Resources */ = {isa = PBXBuildFile; fileRef = D25E12AF1FB231570079F48B /* Cell.xib */; };
		D25E12B21FB240020079F48B /* TableViewController.swift in Sources */ = {isa = PBXBuildFile; fileRef = D25E12B11FB240020079F48B /* TableViewController.swift */; };
/* End PBXBuildFile section */

/* Begin PBXFileReference section */
		D25E128C1FB21C8C0079F48B /* TalentIT.app */ = {isa = PBXFileReference; explicitFileType = wrapper.application; includeInIndex = 0; path = TalentIT.app; sourceTree = BUILT_PRODUCTS_DIR; };
		D25E128F1FB21C8C0079F48B /* AppDelegate.swift */ = {isa = PBXFileReference; lastKnownFileType = sourcecode.swift; path = AppDelegate.swift; sourceTree = "<group>"; };
		D25E12941FB21C8C0079F48B /* Base */ = {isa = PBXFileReference; lastKnownFileType = file.storyboard; name = Base; path = Base.lproj/Main.storyboard; sourceTree = "<group>"; };
		D25E12971FB21C8C0079F48B /* TalentIT.xcdatamodel */ = {isa = PBXFileReference; lastKnownFileType = wrapper.xcdatamodel; path = TalentIT.xcdatamodel; sourceTree = "<group>"; };
		D25E12991FB21C8C0079F48B /* Assets.xcassets */ = {isa = PBXFileReference; lastKnownFileType = folder.assetcatalog; path = Assets.xcassets; sourceTree = "<group>"; };
		D25E129C1FB21C8C0079F48B /* Base */ = {isa = PBXFileReference; lastKnownFileType = file.storyboard; name = Base; path = Base.lproj/LaunchScreen.storyboard; sourceTree = "<group>"; };
		D25E129E1FB21C8C0079F48B /* Info.plist */ = {isa = PBXFileReference; lastKnownFileType = text.plist.xml; path = Info.plist; sourceTree = "<group>"; };
		D25E12AD1FB231530079F48B /* CellViewController.swift */ = {isa = PBXFileReference; fileEncoding = 4; lastKnownFileType = sourcecode.swift; path = CellViewController.swift; sourceTree = "<group>"; };
		D25E12AF1FB231570079F48B /* Cell.xib */ = {isa = PBXFileReference; fileEncoding = 4; lastKnownFileType = file.xib; path = Cell.xib; sourceTree = "<group>"; };
		D25E12B11FB240020079F48B /* TableViewController.swift */ = {isa = PBXFileReference; lastKnownFileType = sourcecode.swift; path = TableViewController.swift; sourceTree = "<group>"; };
/* End PBXFileReference section */

/* Begin PBXFrameworksBuildPhase section */
		D25E12891FB21C8C0079F48B /* Frameworks */ = {
			isa = PBXFrameworksBuildPhase;
			buildActionMask = 2147483647;
			files = (
			);
			runOnlyForDeploymentPostprocessing = 0;
		};
/* End PBXFrameworksBuildPhase section */

/* Begin PBXGroup section */
		D25E12831FB21C8C0079F48B = {
			isa = PBXGroup;
			children = (
				D25E128E1FB21C8C0079F48B /* TalentIT */,
				D25E128D1FB21C8C0079F48B /* Products */,
			);
			sourceTree = "<group>";
		};
		D25E128D1FB21C8C0079F48B /* Products */ = {
			isa = PBXGroup;
			children = (
				D25E128C1FB21C8C0079F48B /* TalentIT.app */,
			);
			name = Products;
			sourceTree = "<group>";
		};
		D25E128E1FB21C8C0079F48B /* TalentIT */ = {
			isa = PBXGroup;
			children = (
				D25E12A61FB21CA10079F48B /* Models */,
				D25E12A51FB21C9C0079F48B /* Views */,
				D25E12A41FB21C970079F48B /* Controllers */,
				D25E12991FB21C8C0079F48B /* Assets.xcassets */,
				D25E129E1FB21C8C0079F48B /* Info.plist */,
				D25E12961FB21C8C0079F48B /* TalentIT.xcdatamodeld */,
			);
			path = TalentIT;
			sourceTree = "<group>";
		};
		D25E12A41FB21C970079F48B /* Controllers */ = {
			isa = PBXGroup;
			children = (
				D25E12B11FB240020079F48B /* TableViewController.swift */,
				D25E12AD1FB231530079F48B /* CellViewController.swift */,
			);
			path = Controllers;
			sourceTree = "<group>";
		};
		D25E12A51FB21C9C0079F48B /* Views */ = {
			isa = PBXGroup;
			children = (
				D25E129B1FB21C8C0079F48B /* LaunchScreen.storyboard */,
				D25E12931FB21C8C0079F48B /* Main.storyboard */,
				D25E12AF1FB231570079F48B /* Cell.xib */,
			);
			path = Views;
			sourceTree = "<group>";
		};
		D25E12A61FB21CA10079F48B /* Models */ = {
			isa = PBXGroup;
			children = (
				D25E128F1FB21C8C0079F48B /* AppDelegate.swift */,
			);
			path = Models;
			sourceTree = "<group>";
		};
/* End PBXGroup section */

/* Begin PBXNativeTarget section */
		D25E128B1FB21C8C0079F48B /* TalentIT */ = {
			isa = PBXNativeTarget;
			buildConfigurationList = D25E12A11FB21C8C0079F48B /* Build configuration list for PBXNativeTarget "TalentIT" */;
			buildPhases = (
				D25E12881FB21C8C0079F48B /* Sources */,
				D25E12891FB21C8C0079F48B /* Frameworks */,
				D25E128A1FB21C8C0079F48B /* Resources */,
			);
			buildRules = (
			);
			dependencies = (
			);
			name = TalentIT;
			productName = TalentIT;
			productReference = D25E128C1FB21C8C0079F48B /* TalentIT.app */;
			productType = "com.apple.product-type.application";
		};
/* End PBXNativeTarget section */

/* Begin PBXProject section */
		D25E12841FB21C8C0079F48B /* Project object */ = {
			isa = PBXProject;
			attributes = {
				LastSwiftUpdateCheck = 0910;
				LastUpgradeCheck = 0910;
				ORGANIZATIONNAME = "Alessandro Aime";
				TargetAttributes = {
					D25E128B1FB21C8C0079F48B = {
						CreatedOnToolsVersion = 9.1;
						ProvisioningStyle = Automatic;
					};
				};
			};
			buildConfigurationList = D25E12871FB21C8C0079F48B /* Build configuration list for PBXProject "TalentIT" */;
			compatibilityVersion = "Xcode 8.0";
			developmentRegion = en;
			hasScannedForEncodings = 0;
			knownRegions = (
				en,
				Base,
			);
			mainGroup = D25E12831FB21C8C0079F48B;
			productRefGroup = D25E128D1FB21C8C0079F48B /* Products */;
			projectDirPath = "";
			projectRoot = "";
			targets = (
				D25E128B1FB21C8C0079F48B /* TalentIT */,
			);
		};
/* End PBXProject section */

/* Begin PBXResourcesBuildPhase section */
		D25E128A1FB21C8C0079F48B /* Resources */ = {
			isa = PBXResourcesBuildPhase;
			buildActionMask = 2147483647;
			files = (
				D25E129D1FB21C8C0079F48B /* LaunchScreen.storyboard in Resources */,
				D25E12B01FB231580079F48B /* Cell.xib in Resources */,
				D25E129A1FB21C8C0079F48B /* Assets.xcassets in Resources */,
				D25E12951FB21C8C0079F48B /* Main.storyboard in Resources */,
			);
			runOnlyForDeploymentPostprocessing = 0;
		};
/* End PBXResourcesBuildPhase section */

/* Begin PBXSourcesBuildPhase section */
		D25E12881FB21C8C0079F48B /* Sources */ = {
			isa = PBXSourcesBuildPhase;
			buildActionMask = 2147483647;
			files = (
				D25E12981FB21C8C0079F48B /* TalentIT.xcdatamodeld in Sources */,
				D25E12AE1FB231530079F48B /* CellViewController.swift in Sources */,
				D25E12B21FB240020079F48B /* TableViewController.swift in Sources */,
				D25E12901FB21C8C0079F48B /* AppDelegate.swift in Sources */,
			);
			runOnlyForDeploymentPostprocessing = 0;
		};
/* End PBXSourcesBuildPhase section */

/* Begin PBXVariantGroup section */
		D25E12931FB21C8C0079F48B /* Main.storyboard */ = {
			isa = PBXVariantGroup;
			children = (
				D25E12941FB21C8C0079F48B /* Base */,
			);
			name = Main.storyboard;
			sourceTree = "<group>";
		};
		D25E129B1FB21C8C0079F48B /* LaunchScreen.storyboard */ = {
			isa = PBXVariantGroup;
			children = (
				D25E129C1FB21C8C0079F48B /* Base */,
			);
			name = LaunchScreen.storyboard;
			sourceTree = "<group>";
		};
/* End PBXVariantGroup section */

/* Begin XCBuildConfiguration section */
		D25E129F1FB21C8C0079F48B /* Debug */ = {
			isa = XCBuildConfiguration;
			buildSettings = {
				ALWAYS_SEARCH_USER_PATHS = NO;
				CLANG_ANALYZER_NONNULL = YES;
				CLANG_ANALYZER_NUMBER_OBJECT_CONVERSION = YES_AGGRESSIVE;
				CLANG_CXX_LANGUAGE_STANDARD = "gnu++14";
				CLANG_CXX_LIBRARY = "libc++";
				CLANG_ENABLE_MODULES = YES;
				CLANG_ENABLE_OBJC_ARC = YES;
				CLANG_WARN_BLOCK_CAPTURE_AUTORELEASING = YES;
				CLANG_WARN_BOOL_CONVERSION = YES;
				CLANG_WARN_COMMA = YES;
				CLANG_WARN_CONSTANT_CONVERSION = YES;
				CLANG_WARN_DIRECT_OBJC_ISA_USAGE = YES_ERROR;
				CLANG_WARN_DOCUMENTATION_COMMENTS = YES;
				CLANG_WARN_EMPTY_BODY = YES;
				CLANG_WARN_ENUM_CONVERSION = YES;
				CLANG_WARN_INFINITE_RECURSION = YES;
				CLANG_WARN_INT_CONVERSION = YES;
				CLANG_WARN_NON_LITERAL_NULL_CONVERSION = YES;
				CLANG_WARN_OBJC_LITERAL_CONVERSION = YES;
				CLANG_WARN_OBJC_ROOT_CLASS = YES_ERROR;
				CLANG_WARN_RANGE_LOOP_ANALYSIS = YES;
				CLANG_WARN_STRICT_PROTOTYPES = YES;
				CLANG_WARN_SUSPICIOUS_MOVE = YES;
				CLANG_WARN_UNGUARDED_AVAILABILITY = YES_AGGRESSIVE;
				CLANG_WARN_UNREACHABLE_CODE = YES;
				CLANG_WARN__DUPLICATE_METHOD_MATCH = YES;
				CODE_SIGN_IDENTITY = "iPhone Developer";
				COPY_PHASE_STRIP = NO;
				DEBUG_INFORMATION_FORMAT = dwarf;
				ENABLE_STRICT_OBJC_MSGSEND = YES;
				ENABLE_TESTABILITY = YES;
				GCC_C_LANGUAGE_STANDARD = gnu11;
				GCC_DYNAMIC_NO_PIC = NO;
				GCC_NO_COMMON_BLOCKS = YES;
				GCC_OPTIMIZATION_LEVEL = 0;
				GCC_PREPROCESSOR_DEFINITIONS = (
					"DEBUG=1",
					"$(inherited)",
				);
				GCC_WARN_64_TO_32_BIT_CONVERSION = YES;
				GCC_WARN_ABOUT_RETURN_TYPE = YES_ERROR;
				GCC_WARN_UNDECLARED_SELECTOR = YES;
				GCC_WARN_UNINITIALIZED_AUTOS = YES_AGGRESSIVE;
				GCC_WARN_UNUSED_FUNCTION = YES;
				GCC_WARN_UNUSED_VARIABLE = YES;
				IPHONEOS_DEPLOYMENT_TARGET = 11.1;
				MTL_ENABLE_DEBUG_INFO = YES;
				ONLY_ACTIVE_ARCH = YES;
				SDKROOT = iphoneos;
				SWIFT_ACTIVE_COMPILATION_CONDITIONS = DEBUG;
				SWIFT_OPTIMIZATION_LEVEL = "-Onone";
			};
			name = Debug;
		};
		D25E12A01FB21C8C0079F48B /* Release */ = {
			isa = XCBuildConfiguration;
			buildSettings = {
				ALWAYS_SEARCH_USER_PATHS = NO;
				CLANG_ANALYZER_NONNULL = YES;
				CLANG_ANALYZER_NUMBER_OBJECT_CONVERSION = YES_AGGRESSIVE;
				CLANG_CXX_LANGUAGE_STANDARD = "gnu++14";
				CLANG_CXX_LIBRARY = "libc++";
				CLANG_ENABLE_MODULES = YES;
				CLANG_ENABLE_OBJC_ARC = YES;
				CLANG_WARN_BLOCK_CAPTURE_AUTORELEASING = YES;
				CLANG_WARN_BOOL_CONVERSION = YES;
				CLANG_WARN_COMMA = YES;
				CLANG_WARN_CONSTANT_CONVERSION = YES;
				CLANG_WARN_DIRECT_OBJC_ISA_USAGE = YES_ERROR;
				CLANG_WARN_DOCUMENTATION_COMMENTS = YES;
				CLANG_WARN_EMPTY_BODY = YES;
				CLANG_WARN_ENUM_CONVERSION = YES;
				CLANG_WARN_INFINITE_RECURSION = YES;
				CLANG_WARN_INT_CONVERSION = YES;
				CLANG_WARN_NON_LITERAL_NULL_CONVERSION = YES;
				CLANG_WARN_OBJC_LITERAL_CONVERSION = YES;
				CLANG_WARN_OBJC_ROOT_CLASS = YES_ERROR;
				CLANG_WARN_RANGE_LOOP_ANALYSIS = YES;
				CLANG_WARN_STRICT_PROTOTYPES = YES;
				CLANG_WARN_SUSPICIOUS_MOVE = YES;
				CLANG_WARN_UNGUARDED_AVAILABILITY = YES_AGGRESSIVE;
				CLANG_WARN_UNREACHABLE_CODE = YES;
				CLANG_WARN__DUPLICATE_METHOD_MATCH = YES;
				CODE_SIGN_IDENTITY = "iPhone Developer";
				COPY_PHASE_STRIP = NO;
				DEBUG_INFORMATION_FORMAT = "dwarf-with-dsym";
				ENABLE_NS_ASSERTIONS = NO;
				ENABLE_STRICT_OBJC_MSGSEND = YES;
				GCC_C_LANGUAGE_STANDARD = gnu11;
				GCC_NO_COMMON_BLOCKS = YES;
				GCC_WARN_64_TO_32_BIT_CONVERSION = YES;
				GCC_WARN_ABOUT_RETURN_TYPE = YES_ERROR;
				GCC_WARN_UNDECLARED_SELECTOR = YES;
				GCC_WARN_UNINITIALIZED_AUTOS = YES_AGGRESSIVE;
				GCC_WARN_UNUSED_FUNCTION = YES;
				GCC_WARN_UNUSED_VARIABLE = YES;
				IPHONEOS_DEPLOYMENT_TARGET = 11.1;
				MTL_ENABLE_DEBUG_INFO = NO;
				SDKROOT = iphoneos;
				SWIFT_OPTIMIZATION_LEVEL = "-Owholemodule";
				VALIDATE_PRODUCT = YES;
			};
			name = Release;
		};
		D25E12A21FB21C8C0079F48B /* Debug */ = {
			isa = XCBuildConfiguration;
			buildSettings = {
				ASSETCATALOG_COMPILER_APPICON_NAME = AppIcon;
				CODE_SIGN_STYLE = Automatic;
				DEVELOPMENT_TEAM = JU7KP36PM6;
				INFOPLIST_FILE = TalentIT/Info.plist;
				LD_RUNPATH_SEARCH_PATHS = "$(inherited) @executable_path/Frameworks";
				PRODUCT_BUNDLE_IDENTIFIER = edu.alessandroaime.TalentIT;
				PRODUCT_NAME = "$(TARGET_NAME)";
				SWIFT_VERSION = 4.0;
				TARGETED_DEVICE_FAMILY = "1,2";
			};
			name = Debug;
		};
		D25E12A31FB21C8C0079F48B /* Release */ = {
			isa = XCBuildConfiguration;
			buildSettings = {
				ASSETCATALOG_COMPILER_APPICON_NAME = AppIcon;
				CODE_SIGN_STYLE = Automatic;
				DEVELOPMENT_TEAM = JU7KP36PM6;
				INFOPLIST_FILE = TalentIT/Info.plist;
				LD_RUNPATH_SEARCH_PATHS = "$(inherited) @executable_path/Frameworks";
				PRODUCT_BUNDLE_IDENTIFIER = edu.alessandroaime.TalentIT;
				PRODUCT_NAME = "$(TARGET_NAME)";
				SWIFT_VERSION = 4.0;
				TARGETED_DEVICE_FAMILY = "1,2";
			};
			name = Release;
		};
/* End XCBuildConfiguration section */

/* Begin XCConfigurationList section */
		D25E12871FB21C8C0079F48B /* Build configuration list for PBXProject "TalentIT" */ = {
			isa = XCConfigurationList;
			buildConfigurations = (
				D25E129F1FB21C8C0079F48B /* Debug */,
				D25E12A01FB21C8C0079F48B /* Release */,
			);
			defaultConfigurationIsVisible = 0;
			defaultConfigurationName = Release;
		};
		D25E12A11FB21C8C0079F48B /* Build configuration list for PBXNativeTarget "TalentIT" */ = {
			isa = XCConfigurationList;
			buildConfigurations = (
				D25E12A21FB21C8C0079F48B /* Debug */,
				D25E12A31FB21C8C0079F48B /* Release */,
			);
			defaultConfigurationIsVisible = 0;
			defaultConfigurationName = Release;
		};
/* End XCConfigurationList section */

/* Begin XCVersionGroup section */
		D25E12961FB21C8C0079F48B /* TalentIT.xcdatamodeld */ = {
			isa = XCVersionGroup;
			children = (
				D25E12971FB21C8C0079F48B /* TalentIT.xcdatamodel */,
			);
			currentVersion = D25E12971FB21C8C0079F48B /* TalentIT.xcdatamodel */;
			path = TalentIT.xcdatamodeld;
			sourceTree = "<group>";
			versionGroupType = wrapper.xcdatamodel;
		};
/* End XCVersionGroup section */
	};
	rootObject = D25E12841FB21C8C0079F48B /* Project object */;
}
